# THIS IS AN AUTOGENERATED FILE. DO NOT EDIT THIS FILE DIRECTLY.
# yarn lockfile v1


"@mdi/svg@^5.0.45":
  "integrity" "sha512-gO0ZpKIeCn9vFg46QduK9MM+n1fuCNwSdcdlBTtbafnnuvwLveK2uj+byhdLtg/8VJGXDhp+DJ35QUMbeWeULA=="
  "resolved" "https://registry.npmjs.org/@mdi/svg/-/svg-5.9.55.tgz"
  "version" "5.9.55"

"@mdi/util@^0.3.0":
  "integrity" "sha512-0ICbKIcsI+OYSqz6SWsYVJA6+kM+irQQiwYGBtJlq0a0sI0JrB2bCrc4S/xVfexqwa1EG8dlSY/ohsQllEXnyQ=="
  "resolved" "https://registry.npmjs.org/@mdi/util/-/util-0.3.2.tgz"
  "version" "0.3.2"
