# THIS IS AN AUTOGENERATED FILE. DO NOT EDIT THIS FILE DIRECTLY.
# yarn lockfile v1


"@mdi/font@^6.1.95":
  "integrity" "sha512-L3cg9qoUEp5MZHvu6rtuobTtPBmq0ATau5ZrHmsaE6gCRs90T4JBWyzV8WCMEjZoy5+zA+/cvtCUtD/+WVaQ9Q=="
  "resolved" "https://registry.npmjs.org/@mdi/font/-/font-6.1.95.tgz"
  "version" "6.1.95"

"@mdi/svg@^6.1.95":
  "integrity" "sha512-X3qD1LWJotRUMnkjuAdAJxb1fqRsa+uWh3UugEM2b66mj7NSC6jhn97W8b/UW/ukhDvdP/jRPrqz+2mJf2jN9w=="
  "resolved" "https://registry.npmjs.org/@mdi/svg/-/svg-6.1.95.tgz"
  "version" "6.1.95"

"@mdi/util@^0.3.2":
  "version" "0.3.2"
